
Microsoft Visual Studio Solution File, Format Version 12.00
# Visual Studio Version 17
VisualStudioVersion = 17.0.31912.275
MinimumVisualStudioVersion = 10.0.40219.1
Project("{9A19103F-16F7-4668-BE54-9A1E7A4F7556}") = "Entidades", "Entidades\Entidades.csproj", "{F4E18C93-659D-4012-AFE7-7EEBECBD0B91}"
EndProject
Project("{9A19103F-16F7-4668-BE54-9A1E7A4F7556}") = "Test", "Test\Test.csproj", "{FD76AEF0-FF70-4906-882F-2498EACC9BE7}"
EndProject
Project("{FAE04EC0-301F-11D3-BF4B-00C04F79EFBC}") = "MiCalculadora", "MiCalculadora\MiCalculadora.csproj", "{4E25F348-ADEC-4D99-9890-77BF95784127}"
EndProject
Global
	GlobalSection(SolutionConfigurationPlatforms) = preSolution
		Debug|Any CPU = Debug|Any CPU
		Release|Any CPU = Release|Any CPU
	EndGlobalSection
	GlobalSection(ProjectConfigurationPlatforms) = postSolution
		{F4E18C93-659D-4012-AFE7-7EEBECBD0B91}.Debug|Any CPU.ActiveCfg = Debug|Any CPU
		{F4E18C93-659D-4012-AFE7-7EEBECBD0B91}.Debug|Any CPU.Build.0 = Debug|Any CPU
		{F4E18C93-659D-4012-AFE7-7EEBECBD0B91}.Release|Any CPU.ActiveCfg = Release|Any CPU
		{F4E18C93-659D-4012-AFE7-7EEBECBD0B91}.Release|Any CPU.Build.0 = Release|Any CPU
		{FD76AEF0-FF70-4906-882F-2498EACC9BE7}.Debug|Any CPU.ActiveCfg = Debug|Any CPU
		{FD76AEF0-FF70-4906-882F-2498EACC9BE7}.Debug|Any CPU.Build.0 = Debug|Any CPU
		{FD76AEF0-FF70-4906-882F-2498EACC9BE7}.Release|Any CPU.ActiveCfg = Release|Any CPU
		{FD76AEF0-FF70-4906-882F-2498EACC9BE7}.Release|Any CPU.Build.0 = Release|Any CPU
		{4E25F348-ADEC-4D99-9890-77BF95784127}.Debug|Any CPU.ActiveCfg = Debug|Any CPU
		{4E25F348-ADEC-4D99-9890-77BF95784127}.Debug|Any CPU.Build.0 = Debug|Any CPU
		{4E25F348-ADEC-4D99-9890-77BF95784127}.Release|Any CPU.ActiveCfg = Release|Any CPU
		{4E25F348-ADEC-4D99-9890-77BF95784127}.Release|Any CPU.Build.0 = Release|Any CPU
	EndGlobalSection
	GlobalSection(SolutionProperties) = preSolution
		HideSolutionNode = FALSE
	EndGlobalSection
	GlobalSection(ExtensibilityGlobals) = postSolution
		SolutionGuid = {2A3D9823-BC79-48BF-86FA-388442F75AEB}
	EndGlobalSection
EndGlobal
