
Microsoft Visual Studio Solution File, Format Version 12.00
# Visual Studio Version 17
VisualStudioVersion = 17.1.32328.378
MinimumVisualStudioVersion = 10.0.40219.1
Project("{9A19103F-16F7-4668-BE54-9A1E7A4F7556}") = "BibliotecaDeClases", "BibliotecaDeClases\BibliotecaDeClases.csproj", "{EE0BD245-B8CC-440B-BA06-13C0E7E6DA16}"
EndProject
Project("{9A19103F-16F7-4668-BE54-9A1E7A4F7556}") = "Vista", "Vista\Vista.csproj", "{77EAF453-2AD3-4B7A-ADDF-902F30EFF435}"
EndProject
Project("{9A19103F-16F7-4668-BE54-9A1E7A4F7556}") = "ProyectoTestUnitarios", "ProyectoTestUnitarios\ProyectoTestUnitarios.csproj", "{7FBCF64A-EB7B-4D33-BE93-AAB91F284911}"
EndProject
Global
	GlobalSection(SolutionConfigurationPlatforms) = preSolution
		Debug|Any CPU = Debug|Any CPU
		Release|Any CPU = Release|Any CPU
	EndGlobalSection
	GlobalSection(ProjectConfigurationPlatforms) = postSolution
		{EE0BD245-B8CC-440B-BA06-13C0E7E6DA16}.Debug|Any CPU.ActiveCfg = Debug|Any CPU
		{EE0BD245-B8CC-440B-BA06-13C0E7E6DA16}.Debug|Any CPU.Build.0 = Debug|Any CPU
		{EE0BD245-B8CC-440B-BA06-13C0E7E6DA16}.Release|Any CPU.ActiveCfg = Release|Any CPU
		{EE0BD245-B8CC-440B-BA06-13C0E7E6DA16}.Release|Any CPU.Build.0 = Release|Any CPU
		{77EAF453-2AD3-4B7A-ADDF-902F30EFF435}.Debug|Any CPU.ActiveCfg = Debug|Any CPU
		{77EAF453-2AD3-4B7A-ADDF-902F30EFF435}.Debug|Any CPU.Build.0 = Debug|Any CPU
		{77EAF453-2AD3-4B7A-ADDF-902F30EFF435}.Release|Any CPU.ActiveCfg = Release|Any CPU
		{77EAF453-2AD3-4B7A-ADDF-902F30EFF435}.Release|Any CPU.Build.0 = Release|Any CPU
		{7FBCF64A-EB7B-4D33-BE93-AAB91F284911}.Debug|Any CPU.ActiveCfg = Debug|Any CPU
		{7FBCF64A-EB7B-4D33-BE93-AAB91F284911}.Debug|Any CPU.Build.0 = Debug|Any CPU
		{7FBCF64A-EB7B-4D33-BE93-AAB91F284911}.Release|Any CPU.ActiveCfg = Release|Any CPU
		{7FBCF64A-EB7B-4D33-BE93-AAB91F284911}.Release|Any CPU.Build.0 = Release|Any CPU
	EndGlobalSection
	GlobalSection(SolutionProperties) = preSolution
		HideSolutionNode = FALSE
	EndGlobalSection
	GlobalSection(ExtensibilityGlobals) = postSolution
		SolutionGuid = {68ECB4F7-ED6E-446E-B075-26CF1F4B0E75}
	EndGlobalSection
EndGlobal
