
Microsoft Visual Studio Solution File, Format Version 12.00
# Visual Studio Version 17
VisualStudioVersion = 17.0.31912.275
MinimumVisualStudioVersion = 10.0.40219.1
Project("{9A19103F-16F7-4668-BE54-9A1E7A4F7556}") = "Ej_I01_Mi_primer_CRUD", "Ej_I01_Mi_primer_CRUD\Ej_I01_Mi_primer_CRUD.csproj", "{133AF189-3351-4BAF-A5B6-C8ADF1C0719A}"
EndProject
Project("{9A19103F-16F7-4668-BE54-9A1E7A4F7556}") = "Biblioteca", "Biblioteca\Biblioteca.csproj", "{C5B70746-B616-4DC3-A931-49F0DA67308A}"
EndProject
Project("{FAE04EC0-301F-11D3-BF4B-00C04F79EFBC}") = "FormPrincipal", "FormPrincipal\FormPrincipal.csproj", "{B53965BD-7720-447A-A692-46A66AF37D38}"
EndProject
Global
	GlobalSection(SolutionConfigurationPlatforms) = preSolution
		Debug|Any CPU = Debug|Any CPU
		Release|Any CPU = Release|Any CPU
	EndGlobalSection
	GlobalSection(ProjectConfigurationPlatforms) = postSolution
		{133AF189-3351-4BAF-A5B6-C8ADF1C0719A}.Debug|Any CPU.ActiveCfg = Debug|Any CPU
		{133AF189-3351-4BAF-A5B6-C8ADF1C0719A}.Debug|Any CPU.Build.0 = Debug|Any CPU
		{133AF189-3351-4BAF-A5B6-C8ADF1C0719A}.Release|Any CPU.ActiveCfg = Release|Any CPU
		{133AF189-3351-4BAF-A5B6-C8ADF1C0719A}.Release|Any CPU.Build.0 = Release|Any CPU
		{C5B70746-B616-4DC3-A931-49F0DA67308A}.Debug|Any CPU.ActiveCfg = Debug|Any CPU
		{C5B70746-B616-4DC3-A931-49F0DA67308A}.Debug|Any CPU.Build.0 = Debug|Any CPU
		{C5B70746-B616-4DC3-A931-49F0DA67308A}.Release|Any CPU.ActiveCfg = Release|Any CPU
		{C5B70746-B616-4DC3-A931-49F0DA67308A}.Release|Any CPU.Build.0 = Release|Any CPU
		{B53965BD-7720-447A-A692-46A66AF37D38}.Debug|Any CPU.ActiveCfg = Debug|Any CPU
		{B53965BD-7720-447A-A692-46A66AF37D38}.Debug|Any CPU.Build.0 = Debug|Any CPU
		{B53965BD-7720-447A-A692-46A66AF37D38}.Release|Any CPU.ActiveCfg = Release|Any CPU
		{B53965BD-7720-447A-A692-46A66AF37D38}.Release|Any CPU.Build.0 = Release|Any CPU
	EndGlobalSection
	GlobalSection(SolutionProperties) = preSolution
		HideSolutionNode = FALSE
	EndGlobalSection
	GlobalSection(ExtensibilityGlobals) = postSolution
		SolutionGuid = {1C83E16D-F88F-4E5B-B66A-609AEAAB968A}
	EndGlobalSection
EndGlobal
